
Microsoft Visual Studio Solution File, Format Version 12.00
# Visual Studio Version 17
VisualStudioVersion = 17.3.32922.545
MinimumVisualStudioVersion = 10.0.40219.1
Project("{FAE04EC0-301F-11D3-BF4B-00C04F79EFBC}") = "ClassLibrary", "ClassLibrary\ClassLibrary.csproj", "{526DA7F4-9C3F-4DD1-B0F4-98C09628BDE7}"
EndProject
Global
	GlobalSection(SolutionConfigurationPlatforms) = preSolution
		Debug|Any CPU = Debug|Any CPU
		Release|Any CPU = Release|Any CPU
	EndGlobalSection
	GlobalSection(ProjectConfigurationPlatforms) = postSolution
		{526DA7F4-9C3F-4DD1-B0F4-98C09628BDE7}.Debug|Any CPU.ActiveCfg = Debug|Any CPU
		{526DA7F4-9C3F-4DD1-B0F4-98C09628BDE7}.Debug|Any CPU.Build.0 = Debug|Any CPU
		{526DA7F4-9C3F-4DD1-B0F4-98C09628BDE7}.Release|Any CPU.ActiveCfg = Release|Any CPU
		{526DA7F4-9C3F-4DD1-B0F4-98C09628BDE7}.Release|Any CPU.Build.0 = Release|Any CPU
	EndGlobalSection
	GlobalSection(SolutionProperties) = preSolution
		HideSolutionNode = FALSE
	EndGlobalSection
	GlobalSection(ExtensibilityGlobals) = postSolution
		SolutionGuid = {79F27595-419F-406F-8D37-F61894B12A4F}
	EndGlobalSection
EndGlobal
